
Microsoft Visual Studio Solution File, Format Version 12.00
# Visual Studio 14
VisualStudioVersion = 14.0.23107.0
MinimumVisualStudioVersion = 10.0.40219.1
Project("{FAE04EC0-301F-11D3-BF4B-00C04F79EFBC}") = "InfoPage.WebTest", "InfoPage.WebTest\InfoPage.WebTest.csproj", "{3843B869-A03D-43C7-9240-B7CFED96B676}"
EndProject
Project("{FAE04EC0-301F-11D3-BF4B-00C04F79EFBC}") = "InfoPage", "InfoPage\InfoPage.csproj", "{7701E9F0-A756-4AD4-A18A-F6BE6480B13C}"
EndProject
Project("{2150E333-8FDC-42A3-9474-1A3956D46DE8}") = ".build", ".build", "{49488ACE-089A-4D21-958E-155B07EA3887}"
	ProjectSection(SolutionItems) = preProject
		Build.proj = Build.proj
		.build\MSBuild.Community.Tasks.dll = .build\MSBuild.Community.Tasks.dll
		.build\MSBuild.Community.Tasks.targets = .build\MSBuild.Community.Tasks.targets
	EndProjectSection
EndProject
Global
	GlobalSection(SolutionConfigurationPlatforms) = preSolution
		Debug|Any CPU = Debug|Any CPU
		Release|Any CPU = Release|Any CPU
	EndGlobalSection
	GlobalSection(ProjectConfigurationPlatforms) = postSolution
		{3843B869-A03D-43C7-9240-B7CFED96B676}.Debug|Any CPU.ActiveCfg = Debug|Any CPU
		{3843B869-A03D-43C7-9240-B7CFED96B676}.Debug|Any CPU.Build.0 = Debug|Any CPU
		{3843B869-A03D-43C7-9240-B7CFED96B676}.Release|Any CPU.ActiveCfg = Release|Any CPU
		{3843B869-A03D-43C7-9240-B7CFED96B676}.Release|Any CPU.Build.0 = Release|Any CPU
		{7701E9F0-A756-4AD4-A18A-F6BE6480B13C}.Debug|Any CPU.ActiveCfg = Debug|Any CPU
		{7701E9F0-A756-4AD4-A18A-F6BE6480B13C}.Debug|Any CPU.Build.0 = Debug|Any CPU
		{7701E9F0-A756-4AD4-A18A-F6BE6480B13C}.Release|Any CPU.ActiveCfg = Release|Any CPU
		{7701E9F0-A756-4AD4-A18A-F6BE6480B13C}.Release|Any CPU.Build.0 = Release|Any CPU
	EndGlobalSection
	GlobalSection(SolutionProperties) = preSolution
		HideSolutionNode = FALSE
	EndGlobalSection
EndGlobal
